
Microsoft Visual Studio Solution File, Format Version 12.00
# Visual Studio 15
VisualStudioVersion = 15.0.28307.852
MinimumVisualStudioVersion = 10.0.40219.1
Project("{FAE04EC0-301F-11D3-BF4B-00C04F79EFBC}") = "MVCAJAX_LAB11", "MVCAJAX_LAB11\MVCAJAX_LAB11.csproj", "{0C5FE2F5-58E2-45C7-9860-01C08C5BC356}"
EndProject
Project("{FAE04EC0-301F-11D3-BF4B-00C04F79EFBC}") = "Infraestructure", "Infraestructure\Infraestructure.csproj", "{D5A12899-6987-4B78-B29F-888AC5FFC7FE}"
EndProject
Project("{FAE04EC0-301F-11D3-BF4B-00C04F79EFBC}") = "Service", "Service\Service.csproj", "{FE24DA7C-2038-4FB6-90FB-6D4BB89C20BC}"
EndProject
Project("{FAE04EC0-301F-11D3-BF4B-00C04F79EFBC}") = "Domain", "Domain\Domain.csproj", "{BBB06BF1-F3BC-46A8-B211-184A732F1D61}"
EndProject
Global
	GlobalSection(SolutionConfigurationPlatforms) = preSolution
		Debug|Any CPU = Debug|Any CPU
		Release|Any CPU = Release|Any CPU
	EndGlobalSection
	GlobalSection(ProjectConfigurationPlatforms) = postSolution
		{0C5FE2F5-58E2-45C7-9860-01C08C5BC356}.Debug|Any CPU.ActiveCfg = Debug|Any CPU
		{0C5FE2F5-58E2-45C7-9860-01C08C5BC356}.Debug|Any CPU.Build.0 = Debug|Any CPU
		{0C5FE2F5-58E2-45C7-9860-01C08C5BC356}.Release|Any CPU.ActiveCfg = Release|Any CPU
		{0C5FE2F5-58E2-45C7-9860-01C08C5BC356}.Release|Any CPU.Build.0 = Release|Any CPU
		{D5A12899-6987-4B78-B29F-888AC5FFC7FE}.Debug|Any CPU.ActiveCfg = Debug|Any CPU
		{D5A12899-6987-4B78-B29F-888AC5FFC7FE}.Debug|Any CPU.Build.0 = Debug|Any CPU
		{D5A12899-6987-4B78-B29F-888AC5FFC7FE}.Release|Any CPU.ActiveCfg = Release|Any CPU
		{D5A12899-6987-4B78-B29F-888AC5FFC7FE}.Release|Any CPU.Build.0 = Release|Any CPU
		{FE24DA7C-2038-4FB6-90FB-6D4BB89C20BC}.Debug|Any CPU.ActiveCfg = Debug|Any CPU
		{FE24DA7C-2038-4FB6-90FB-6D4BB89C20BC}.Debug|Any CPU.Build.0 = Debug|Any CPU
		{FE24DA7C-2038-4FB6-90FB-6D4BB89C20BC}.Release|Any CPU.ActiveCfg = Release|Any CPU
		{FE24DA7C-2038-4FB6-90FB-6D4BB89C20BC}.Release|Any CPU.Build.0 = Release|Any CPU
		{BBB06BF1-F3BC-46A8-B211-184A732F1D61}.Debug|Any CPU.ActiveCfg = Debug|Any CPU
		{BBB06BF1-F3BC-46A8-B211-184A732F1D61}.Debug|Any CPU.Build.0 = Debug|Any CPU
		{BBB06BF1-F3BC-46A8-B211-184A732F1D61}.Release|Any CPU.ActiveCfg = Release|Any CPU
		{BBB06BF1-F3BC-46A8-B211-184A732F1D61}.Release|Any CPU.Build.0 = Release|Any CPU
	EndGlobalSection
	GlobalSection(SolutionProperties) = preSolution
		HideSolutionNode = FALSE
	EndGlobalSection
	GlobalSection(ExtensibilityGlobals) = postSolution
		SolutionGuid = {16358DAC-5ADC-4A3E-B9FE-64131AD623AB}
	EndGlobalSection
EndGlobal
